# This file is automatically @generated by Cargo.
# It is not intended for manual editing.
version = 3

[[package]]
name = "anyhow"
version = "1.0.82"
source = "registry+https://github.com/rust-lang/crates.io-index"
checksum = "f538837af36e6f6a9be0faa67f9a314f8119e4e4b5867c6ab40ed60360142519"

[[package]]
name = "bitmask-enum"
version = "2.2.3"
source = "registry+https://github.com/rust-lang/crates.io-index"
checksum = "9990737a6d5740ff51cdbbc0f0503015cb30c390f6623968281eb214a520cfc0"
dependencies = [
 "quote",
 "syn",
]

[[package]]
name = "gray-codes"
version = "0.1.1"
source = "registry+https://github.com/rust-lang/crates.io-index"
checksum = "a8eb53f38e7f2e30ad98faf6a15a3b1135c45a1b9740f71fba53438437bf2a25"

[[package]]
name = "memchr"
version = "2.7.2"
source = "registry+https://github.com/rust-lang/crates.io-index"
checksum = "6c8640c5d730cb13ebd907d8d04b52f55ac9a2eec55b440c8892f40d56c76c1d"

[[package]]
name = "minimal-lexical"
version = "0.2.1"
source = "registry+https://github.com/rust-lang/crates.io-index"
checksum = "68354c5c6bd36d73ff3feceb05efa59b6acb7626617f4962be322a825e61f79a"

[[package]]
name = "minuet-command"
version = "0.0.1"
dependencies = [
 "anyhow",
 "minuet-semantics",
 "minuet-syntax",
 "minuet-tracer",
]

[[package]]
name = "minuet-macro"
version = "0.0.1"
dependencies = [
 "anyhow",
 "minuet-syntax",
 "nom",
 "proc-macro2",
 "quote",
]

[[package]]
name = "minuet-semantics"
version = "0.0.1"
dependencies = [
 "gray-codes",
 "minuet-macro",
 "minuet-solver",
 "minuet-syntax",
 "minuet-tracer",
 "thiserror",
]

[[package]]
name = "minuet-solver"
version = "0.0.1"
dependencies = [
 "gray-codes",
 "minuet-tracer",
 "thiserror",
]

[[package]]
name = "minuet-syntax"
version = "0.0.1"
dependencies = [
 "nom",
 "proc-macro2",
 "quote",
]

[[package]]
name = "minuet-tracer"
version = "0.0.1"
dependencies = [
 "bitmask-enum",
]

[[package]]
name = "nom"
version = "7.1.3"
source = "registry+https://github.com/rust-lang/crates.io-index"
checksum = "d273983c5a657a70a3e8f2a01329822f3b8c8172b73826411a55751e404a0a4a"
dependencies = [
 "memchr",
 "minimal-lexical",
]

[[package]]
name = "proc-macro2"
version = "1.0.71"
source = "registry+https://github.com/rust-lang/crates.io-index"
checksum = "75cb1540fadbd5b8fbccc4dddad2734eba435053f725621c070711a14bb5f4b8"
dependencies = [
 "unicode-ident",
]

[[package]]
name = "quote"
version = "1.0.33"
source = "registry+https://github.com/rust-lang/crates.io-index"
checksum = "5267fca4496028628a95160fc423a33e8b2e6af8a5302579e322e4b520293cae"
dependencies = [
 "proc-macro2",
]

[[package]]
name = "syn"
version = "2.0.43"
source = "registry+https://github.com/rust-lang/crates.io-index"
checksum = "ee659fb5f3d355364e1f3e5bc10fb82068efbf824a1e9d1c9504244a6469ad53"
dependencies = [
 "proc-macro2",
 "quote",
 "unicode-ident",
]

[[package]]
name = "thiserror"
version = "1.0.52"
source = "registry+https://github.com/rust-lang/crates.io-index"
checksum = "83a48fd946b02c0a526b2e9481c8e2a17755e47039164a86c4070446e3a4614d"
dependencies = [
 "thiserror-impl",
]

[[package]]
name = "thiserror-impl"
version = "1.0.52"
source = "registry+https://github.com/rust-lang/crates.io-index"
checksum = "e7fbe9b594d6568a6a1443250a7e67d80b74e1e96f6d1715e1e21cc1888291d3"
dependencies = [
 "proc-macro2",
 "quote",
 "syn",
]

[[package]]
name = "unicode-ident"
version = "1.0.12"
source = "registry+https://github.com/rust-lang/crates.io-index"
checksum = "3354b9ac3fae1ff6755cb6db53683adb661634f67557942dea4facebec0fee4b"
